%{"dialyxir": {:hex, :dialyxir, "0.5.1", "b331b091720fd93e878137add264bac4f644e1ddae07a70bf7062c7862c4b952", [], [], "hexpm"},
  "earmark": {:hex, :earmark, "1.2.3", "206eb2e2ac1a794aa5256f3982de7a76bf4579ff91cb28d0e17ea2c9491e46a4", [], [], "hexpm"},
  "ex_doc": {:hex, :ex_doc, "0.16.2", "3b3e210ebcd85a7c76b4e73f85c5640c011d2a0b2f06dcdf5acdb2ae904e5084", [], [{:earmark, "~> 1.1", [hex: :earmark, repo: "hexpm", optional: false]}], "hexpm"},
  "fuse": {:hex, :fuse, "2.4.0", "499ab65d3b1d291909973e1c25bdc55a17379fb26899f25eb68b6437a880de1b", [], [], "hexpm"},
  "retry": {:hex, :retry, "0.7.0", "894a32223433501b33e95cc54bda72f3d162a930d2eba749ed7766f05721986d", [], [], "hexpm"}}
